// !$*UTF8*$!
{
	archiveVersion = 1;
	classes = {
	};
	objectVersion = 46;
	objects = {

/* Begin PBXBuildFile section */
		AD2502B0A10DABF3D912215C /* Pods_letter.framework in Frameworks */ = {isa = PBXBuildFile; fileRef = F3FC13D25470E5AE8315A1E4 /* Pods_letter.framework */; };
		E1AEE8241CE95D0200199E16 /* AppDelegate.swift in Sources */ = {isa = PBXBuildFile; fileRef = E1AEE8231CE95D0200199E16 /* AppDelegate.swift */; };
		E1AEE8261CE95D0200199E16 /* ViewController.swift in Sources */ = {isa = PBXBuildFile; fileRef = E1AEE8251CE95D0200199E16 /* ViewController.swift */; };
		E1AEE8291CE95D0200199E16 /* Main.storyboard in Resources */ = {isa = PBXBuildFile; fileRef = E1AEE8271CE95D0200199E16 /* Main.storyboard */; };
		E1AEE82B1CE95D0200199E16 /* Assets.xcassets in Resources */ = {isa = PBXBuildFile; fileRef = E1AEE82A1CE95D0200199E16 /* Assets.xcassets */; };
		E1AEE82E1CE95D0200199E16 /* LaunchScreen.storyboard in Resources */ = {isa = PBXBuildFile; fileRef = E1AEE82C1CE95D0200199E16 /* LaunchScreen.storyboard */; };
		E1AEE8391CE95D0200199E16 /* letterTests.swift in Sources */ = {isa = PBXBuildFile; fileRef = E1AEE8381CE95D0200199E16 /* letterTests.swift */; };
		E1AEE8441CE95D0200199E16 /* letterUITests.swift in Sources */ = {isa = PBXBuildFile; fileRef = E1AEE8431CE95D0200199E16 /* letterUITests.swift */; };
		E1D3A0591CE984E9000C86E8 /* cryptoClass.swift in Sources */ = {isa = PBXBuildFile; fileRef = E1D3A0581CE984E9000C86E8 /* cryptoClass.swift */; };
		E1D3A05B1CE98A5F000C86E8 /* CryptoSwift.framework in Frameworks */ = {isa = PBXBuildFile; fileRef = E1D3A05A1CE98A5F000C86E8 /* CryptoSwift.framework */; };
		E1D3A05D1CE99676000C86E8 /* LocalAuthentication.framework in Frameworks */ = {isa = PBXBuildFile; fileRef = E1D3A05C1CE99676000C86E8 /* LocalAuthentication.framework */; };
		E1D3A05F1CE996E5000C86E8 /* FingerPrintAuthentication.swift in Sources */ = {isa = PBXBuildFile; fileRef = E1D3A05E1CE996E5000C86E8 /* FingerPrintAuthentication.swift */; };
/* End PBXBuildFile section */

/* Begin PBXContainerItemProxy section */
		E1AEE8351CE95D0200199E16 /* PBXContainerItemProxy */ = {
			isa = PBXContainerItemProxy;
			containerPortal = E1AEE8181CE95D0200199E16 /* Project object */;
			proxyType = 1;
			remoteGlobalIDString = E1AEE81F1CE95D0200199E16;
			remoteInfo = letter;
		};
		E1AEE8401CE95D0200199E16 /* PBXContainerItemProxy */ = {
			isa = PBXContainerItemProxy;
			containerPortal = E1AEE8181CE95D0200199E16 /* Project object */;
			proxyType = 1;
			remoteGlobalIDString = E1AEE81F1CE95D0200199E16;
			remoteInfo = letter;
		};
/* End PBXContainerItemProxy section */

/* Begin PBXFileReference section */
		7F7FDBD0E0D0DF398302017C /* Pods-letter.debug.xcconfig */ = {isa = PBXFileReference; includeInIndex = 1; lastKnownFileType = text.xcconfig; name = "Pods-letter.debug.xcconfig"; path = "Pods/Target Support Files/Pods-letter/Pods-letter.debug.xcconfig"; sourceTree = "<group>"; };
		E1AEE8201CE95D0200199E16 /* letter.app */ = {isa = PBXFileReference; explicitFileType = wrapper.application; includeInIndex = 0; path = letter.app; sourceTree = BUILT_PRODUCTS_DIR; };
		E1AEE8231CE95D0200199E16 /* AppDelegate.swift */ = {isa = PBXFileReference; lastKnownFileType = sourcecode.swift; path = AppDelegate.swift; sourceTree = "<group>"; };
		E1AEE8251CE95D0200199E16 /* ViewController.swift */ = {isa = PBXFileReference; lastKnownFileType = sourcecode.swift; path = ViewController.swift; sourceTree = "<group>"; };
		E1AEE8281CE95D0200199E16 /* Base */ = {isa = PBXFileReference; lastKnownFileType = file.storyboard; name = Base; path = Base.lproj/Main.storyboard; sourceTree = "<group>"; };
		E1AEE82A1CE95D0200199E16 /* Assets.xcassets */ = {isa = PBXFileReference; lastKnownFileType = folder.assetcatalog; path = Assets.xcassets; sourceTree = "<group>"; };
		E1AEE82D1CE95D0200199E16 /* Base */ = {isa = PBXFileReference; lastKnownFileType = file.storyboard; name = Base; path = Base.lproj/LaunchScreen.storyboard; sourceTree = "<group>"; };
		E1AEE82F1CE95D0200199E16 /* Info.plist */ = {isa = PBXFileReference; lastKnownFileType = text.plist.xml; path = Info.plist; sourceTree = "<group>"; };
		E1AEE8341CE95D0200199E16 /* letterTests.xctest */ = {isa = PBXFileReference; explicitFileType = wrapper.cfbundle; includeInIndex = 0; path = letterTests.xctest; sourceTree = BUILT_PRODUCTS_DIR; };
		E1AEE8381CE95D0200199E16 /* letterTests.swift */ = {isa = PBXFileReference; lastKnownFileType = sourcecode.swift; path = letterTests.swift; sourceTree = "<group>"; };
		E1AEE83A1CE95D0200199E16 /* Info.plist */ = {isa = PBXFileReference; lastKnownFileType = text.plist.xml; path = Info.plist; sourceTree = "<group>"; };
		E1AEE83F1CE95D0200199E16 /* letterUITests.xctest */ = {isa = PBXFileReference; explicitFileType = wrapper.cfbundle; includeInIndex = 0; path = letterUITests.xctest; sourceTree = BUILT_PRODUCTS_DIR; };
		E1AEE8431CE95D0200199E16 /* letterUITests.swift */ = {isa = PBXFileReference; lastKnownFileType = sourcecode.swift; path = letterUITests.swift; sourceTree = "<group>"; };
		E1AEE8451CE95D0200199E16 /* Info.plist */ = {isa = PBXFileReference; lastKnownFileType = text.plist.xml; path = Info.plist; sourceTree = "<group>"; };
		E1D3A0581CE984E9000C86E8 /* cryptoClass.swift */ = {isa = PBXFileReference; fileEncoding = 4; lastKnownFileType = sourcecode.swift; path = cryptoClass.swift; sourceTree = "<group>"; };
		E1D3A05A1CE98A5F000C86E8 /* CryptoSwift.framework */ = {isa = PBXFileReference; lastKnownFileType = wrapper.framework; name = CryptoSwift.framework; path = "../../../Library/Developer/Xcode/DerivedData/letter-hblnqkqlirlkykfezujstouwuffn/Build/Products/Debug-iphonesimulator/CryptoSwift.framework"; sourceTree = "<group>"; };
		E1D3A05C1CE99676000C86E8 /* LocalAuthentication.framework */ = {isa = PBXFileReference; lastKnownFileType = wrapper.framework; name = LocalAuthentication.framework; path = System/Library/Frameworks/LocalAuthentication.framework; sourceTree = SDKROOT; };
		E1D3A05E1CE996E5000C86E8 /* FingerPrintAuthentication.swift */ = {isa = PBXFileReference; fileEncoding = 4; lastKnownFileType = sourcecode.swift; name = FingerPrintAuthentication.swift; path = ../FingerPrintAuthentication.swift; sourceTree = "<group>"; };
		F3FC13D25470E5AE8315A1E4 /* Pods_letter.framework */ = {isa = PBXFileReference; explicitFileType = wrapper.framework; includeInIndex = 0; path = Pods_letter.framework; sourceTree = BUILT_PRODUCTS_DIR; };
		FCB90248AA98D97CA31943D3 /* Pods-letter.release.xcconfig */ = {isa = PBXFileReference; includeInIndex = 1; lastKnownFileType = text.xcconfig; name = "Pods-letter.release.xcconfig"; path = "Pods/Target Support Files/Pods-letter/Pods-letter.release.xcconfig"; sourceTree = "<group>"; };
/* End PBXFileReference section */

/* Begin PBXFrameworksBuildPhase section */
		E1AEE81D1CE95D0200199E16 /* Frameworks */ = {
			isa = PBXFrameworksBuildPhase;
			buildActionMask = 2147483647;
			files = (
				E1D3A05D1CE99676000C86E8 /* LocalAuthentication.framework in Frameworks */,
				AD2502B0A10DABF3D912215C /* Pods_letter.framework in Frameworks */,
				E1D3A05B1CE98A5F000C86E8 /* CryptoSwift.framework in Frameworks */,
			);
			runOnlyForDeploymentPostprocessing = 0;
		};
		E1AEE8311CE95D0200199E16 /* Frameworks */ = {
			isa = PBXFrameworksBuildPhase;
			buildActionMask = 2147483647;
			files = (
			);
			runOnlyForDeploymentPostprocessing = 0;
		};
		E1AEE83C1CE95D0200199E16 /* Frameworks */ = {
			isa = PBXFrameworksBuildPhase;
			buildActionMask = 2147483647;
			files = (
			);
			runOnlyForDeploymentPostprocessing = 0;
		};
/* End PBXFrameworksBuildPhase section */

/* Begin PBXGroup section */
		13B7B787DBB6019B88809355 /* Pods */ = {
			isa = PBXGroup;
			children = (
				7F7FDBD0E0D0DF398302017C /* Pods-letter.debug.xcconfig */,
				FCB90248AA98D97CA31943D3 /* Pods-letter.release.xcconfig */,
			);
			name = Pods;
			sourceTree = "<group>";
		};
		6A53E6BD9F79F067F2402BD5 /* Frameworks */ = {
			isa = PBXGroup;
			children = (
				E1D3A05C1CE99676000C86E8 /* LocalAuthentication.framework */,
				E1D3A05A1CE98A5F000C86E8 /* CryptoSwift.framework */,
				F3FC13D25470E5AE8315A1E4 /* Pods_letter.framework */,
			);
			name = Frameworks;
			sourceTree = "<group>";
		};
		E1AEE8171CE95D0200199E16 = {
			isa = PBXGroup;
			children = (
				E1AEE8221CE95D0200199E16 /* letter */,
				E1AEE8371CE95D0200199E16 /* letterTests */,
				E1AEE8421CE95D0200199E16 /* letterUITests */,
				E1AEE8211CE95D0200199E16 /* Products */,
				13B7B787DBB6019B88809355 /* Pods */,
				6A53E6BD9F79F067F2402BD5 /* Frameworks */,
			);
			sourceTree = "<group>";
		};
		E1AEE8211CE95D0200199E16 /* Products */ = {
			isa = PBXGroup;
			children = (
				E1AEE8201CE95D0200199E16 /* letter.app */,
				E1AEE8341CE95D0200199E16 /* letterTests.xctest */,
				E1AEE83F1CE95D0200199E16 /* letterUITests.xctest */,
			);
			name = Products;
			sourceTree = "<group>";
		};
		E1AEE8221CE95D0200199E16 /* letter */ = {
			isa = PBXGroup;
			children = (
				E1AEE8231CE95D0200199E16 /* AppDelegate.swift */,
				E1AEE8251CE95D0200199E16 /* ViewController.swift */,
				E1D3A0581CE984E9000C86E8 /* cryptoClass.swift */,
				E1D3A05E1CE996E5000C86E8 /* FingerPrintAuthentication.swift */,
				E1AEE8271CE95D0200199E16 /* Main.storyboard */,
				E1AEE82A1CE95D0200199E16 /* Assets.xcassets */,
				E1AEE82C1CE95D0200199E16 /* LaunchScreen.storyboard */,
				E1AEE82F1CE95D0200199E16 /* Info.plist */,
			);
			path = letter;
			sourceTree = "<group>";
		};
		E1AEE8371CE95D0200199E16 /* letterTests */ = {
			isa = PBXGroup;
			children = (
				E1AEE8381CE95D0200199E16 /* letterTests.swift */,
				E1AEE83A1CE95D0200199E16 /* Info.plist */,
			);
			path = letterTests;
			sourceTree = "<group>";
		};
		E1AEE8421CE95D0200199E16 /* letterUITests */ = {
			isa = PBXGroup;
			children = (
				E1AEE8431CE95D0200199E16 /* letterUITests.swift */,
				E1AEE8451CE95D0200199E16 /* Info.plist */,
			);
			path = letterUITests;
			sourceTree = "<group>";
		};
/* End PBXGroup section */

/* Begin PBXNativeTarget section */
		E1AEE81F1CE95D0200199E16 /* letter */ = {
			isa = PBXNativeTarget;
			buildConfigurationList = E1AEE8481CE95D0200199E16 /* Build configuration list for PBXNativeTarget "letter" */;
			buildPhases = (
				D8DF7D9AC64CE5F83ABB5551 /* Check Pods Manifest.lock */,
				E1AEE81C1CE95D0200199E16 /* Sources */,
				E1AEE81D1CE95D0200199E16 /* Frameworks */,
				E1AEE81E1CE95D0200199E16 /* Resources */,
				F8ED1F1B5BB0D1627C2311FB /* Embed Pods Frameworks */,
				3AEC1E13B1F84EA07700E559 /* Copy Pods Resources */,
			);
			buildRules = (
			);
			dependencies = (
			);
			name = letter;
			productName = letter;
			productReference = E1AEE8201CE95D0200199E16 /* letter.app */;
			productType = "com.apple.product-type.application";
		};
		E1AEE8331CE95D0200199E16 /* letterTests */ = {
			isa = PBXNativeTarget;
			buildConfigurationList = E1AEE84B1CE95D0200199E16 /* Build configuration list for PBXNativeTarget "letterTests" */;
			buildPhases = (
				E1AEE8301CE95D0200199E16 /* Sources */,
				E1AEE8311CE95D0200199E16 /* Frameworks */,
				E1AEE8321CE95D0200199E16 /* Resources */,
			);
			buildRules = (
			);
			dependencies = (
				E1AEE8361CE95D0200199E16 /* PBXTargetDependency */,
			);
			name = letterTests;
			productName = letterTests;
			productReference = E1AEE8341CE95D0200199E16 /* letterTests.xctest */;
			productType = "com.apple.product-type.bundle.unit-test";
		};
		E1AEE83E1CE95D0200199E16 /* letterUITests */ = {
			isa = PBXNativeTarget;
			buildConfigurationList = E1AEE84E1CE95D0200199E16 /* Build configuration list for PBXNativeTarget "letterUITests" */;
			buildPhases = (
				E1AEE83B1CE95D0200199E16 /* Sources */,
				E1AEE83C1CE95D0200199E16 /* Frameworks */,
				E1AEE83D1CE95D0200199E16 /* Resources */,
			);
			buildRules = (
			);
			dependencies = (
				E1AEE8411CE95D0200199E16 /* PBXTargetDependency */,
			);
			name = letterUITests;
			productName = letterUITests;
			productReference = E1AEE83F1CE95D0200199E16 /* letterUITests.xctest */;
			productType = "com.apple.product-type.bundle.ui-testing";
		};
/* End PBXNativeTarget section */

/* Begin PBXProject section */
		E1AEE8181CE95D0200199E16 /* Project object */ = {
			isa = PBXProject;
			attributes = {
				LastSwiftUpdateCheck = 0730;
				LastUpgradeCheck = 0800;
				ORGANIZATIONNAME = "Robert Herrera";
				TargetAttributes = {
					E1AEE81F1CE95D0200199E16 = {
						CreatedOnToolsVersion = 7.3;
						DevelopmentTeam = F7GQJHZCH2;
					};
					E1AEE8331CE95D0200199E16 = {
						CreatedOnToolsVersion = 7.3;
						DevelopmentTeam = F7GQJHZCH2;
						TestTargetID = E1AEE81F1CE95D0200199E16;
					};
					E1AEE83E1CE95D0200199E16 = {
						CreatedOnToolsVersion = 7.3;
						DevelopmentTeam = F7GQJHZCH2;
						TestTargetID = E1AEE81F1CE95D0200199E16;
					};
				};
			};
			buildConfigurationList = E1AEE81B1CE95D0200199E16 /* Build configuration list for PBXProject "letter" */;
			compatibilityVersion = "Xcode 3.2";
			developmentRegion = English;
			hasScannedForEncodings = 0;
			knownRegions = (
				en,
				Base,
			);
			mainGroup = E1AEE8171CE95D0200199E16;
			productRefGroup = E1AEE8211CE95D0200199E16 /* Products */;
			projectDirPath = "";
			projectRoot = "";
			targets = (
				E1AEE81F1CE95D0200199E16 /* letter */,
				E1AEE8331CE95D0200199E16 /* letterTests */,
				E1AEE83E1CE95D0200199E16 /* letterUITests */,
			);
		};
/* End PBXProject section */

/* Begin PBXResourcesBuildPhase section */
		E1AEE81E1CE95D0200199E16 /* Resources */ = {
			isa = PBXResourcesBuildPhase;
			buildActionMask = 2147483647;
			files = (
				E1AEE82E1CE95D0200199E16 /* LaunchScreen.storyboard in Resources */,
				E1AEE82B1CE95D0200199E16 /* Assets.xcassets in Resources */,
				E1AEE8291CE95D0200199E16 /* Main.storyboard in Resources */,
			);
			runOnlyForDeploymentPostprocessing = 0;
		};
		E1AEE8321CE95D0200199E16 /* Resources */ = {
			isa = PBXResourcesBuildPhase;
			buildActionMask = 2147483647;
			files = (
			);
			runOnlyForDeploymentPostprocessing = 0;
		};
		E1AEE83D1CE95D0200199E16 /* Resources */ = {
			isa = PBXResourcesBuildPhase;
			buildActionMask = 2147483647;
			files = (
			);
			runOnlyForDeploymentPostprocessing = 0;
		};
/* End PBXResourcesBuildPhase section */

/* Begin PBXShellScriptBuildPhase section */
		3AEC1E13B1F84EA07700E559 /* Copy Pods Resources */ = {
			isa = PBXShellScriptBuildPhase;
			buildActionMask = 2147483647;
			files = (
			);
			inputPaths = (
			);
			name = "Copy Pods Resources";
			outputPaths = (
			);
			runOnlyForDeploymentPostprocessing = 0;
			shellPath = /bin/sh;
			shellScript = "\"${SRCROOT}/Pods/Target Support Files/Pods-letter/Pods-letter-resources.sh\"\n";
			showEnvVarsInLog = 0;
		};
		D8DF7D9AC64CE5F83ABB5551 /* Check Pods Manifest.lock */ = {
			isa = PBXShellScriptBuildPhase;
			buildActionMask = 2147483647;
			files = (
			);
			inputPaths = (
			);
			name = "Check Pods Manifest.lock";
			outputPaths = (
			);
			runOnlyForDeploymentPostprocessing = 0;
			shellPath = /bin/sh;
			shellScript = "diff \"${PODS_ROOT}/../Podfile.lock\" \"${PODS_ROOT}/Manifest.lock\" > /dev/null\nif [[ $? != 0 ]] ; then\n    cat << EOM\nerror: The sandbox is not in sync with the Podfile.lock. Run 'pod install' or update your CocoaPods installation.\nEOM\n    exit 1\nfi\n";
			showEnvVarsInLog = 0;
		};
		F8ED1F1B5BB0D1627C2311FB /* Embed Pods Frameworks */ = {
			isa = PBXShellScriptBuildPhase;
			buildActionMask = 2147483647;
			files = (
			);
			inputPaths = (
				"$(SRCROOT)/myfile",
			);
			name = "Embed Pods Frameworks";
			outputPaths = (
			);
			runOnlyForDeploymentPostprocessing = 0;
			shellPath = /bin/sh;
			shellScript = "\"${SRCROOT}/Pods/Target Support Files/Pods-letter/Pods-letter-frameworks.sh\"\n";
			showEnvVarsInLog = 0;
		};
/* End PBXShellScriptBuildPhase section */

/* Begin PBXSourcesBuildPhase section */
		E1AEE81C1CE95D0200199E16 /* Sources */ = {
			isa = PBXSourcesBuildPhase;
			buildActionMask = 2147483647;
			files = (
				E1AEE8261CE95D0200199E16 /* ViewController.swift in Sources */,
				E1D3A0591CE984E9000C86E8 /* cryptoClass.swift in Sources */,
				E1D3A05F1CE996E5000C86E8 /* FingerPrintAuthentication.swift in Sources */,
				E1AEE8241CE95D0200199E16 /* AppDelegate.swift in Sources */,
			);
			runOnlyForDeploymentPostprocessing = 0;
		};
		E1AEE8301CE95D0200199E16 /* Sources */ = {
			isa = PBXSourcesBuildPhase;
			buildActionMask = 2147483647;
			files = (
				E1AEE8391CE95D0200199E16 /* letterTests.swift in Sources */,
			);
			runOnlyForDeploymentPostprocessing = 0;
		};
		E1AEE83B1CE95D0200199E16 /* Sources */ = {
			isa = PBXSourcesBuildPhase;
			buildActionMask = 2147483647;
			files = (
				E1AEE8441CE95D0200199E16 /* letterUITests.swift in Sources */,
			);
			runOnlyForDeploymentPostprocessing = 0;
		};
/* End PBXSourcesBuildPhase section */

/* Begin PBXTargetDependency section */
		E1AEE8361CE95D0200199E16 /* PBXTargetDependency */ = {
			isa = PBXTargetDependency;
			target = E1AEE81F1CE95D0200199E16 /* letter */;
			targetProxy = E1AEE8351CE95D0200199E16 /* PBXContainerItemProxy */;
		};
		E1AEE8411CE95D0200199E16 /* PBXTargetDependency */ = {
			isa = PBXTargetDependency;
			target = E1AEE81F1CE95D0200199E16 /* letter */;
			targetProxy = E1AEE8401CE95D0200199E16 /* PBXContainerItemProxy */;
		};
/* End PBXTargetDependency section */

/* Begin PBXVariantGroup section */
		E1AEE8271CE95D0200199E16 /* Main.storyboard */ = {
			isa = PBXVariantGroup;
			children = (
				E1AEE8281CE95D0200199E16 /* Base */,
			);
			name = Main.storyboard;
			sourceTree = "<group>";
		};
		E1AEE82C1CE95D0200199E16 /* LaunchScreen.storyboard */ = {
			isa = PBXVariantGroup;
			children = (
				E1AEE82D1CE95D0200199E16 /* Base */,
			);
			name = LaunchScreen.storyboard;
			sourceTree = "<group>";
		};
/* End PBXVariantGroup section */

/* Begin XCBuildConfiguration section */
		E1AEE8461CE95D0200199E16 /* Debug */ = {
			isa = XCBuildConfiguration;
			buildSettings = {
				ALWAYS_SEARCH_USER_PATHS = NO;
				CLANG_ANALYZER_NONNULL = YES;
				CLANG_CXX_LANGUAGE_STANDARD = "gnu++0x";
				CLANG_CXX_LIBRARY = "libc++";
				CLANG_ENABLE_MODULES = YES;
				CLANG_ENABLE_OBJC_ARC = YES;
				CLANG_WARN_BOOL_CONVERSION = YES;
				CLANG_WARN_CONSTANT_CONVERSION = YES;
				CLANG_WARN_DIRECT_OBJC_ISA_USAGE = YES_ERROR;
				CLANG_WARN_EMPTY_BODY = YES;
				CLANG_WARN_ENUM_CONVERSION = YES;
				CLANG_WARN_INFINITE_RECURSION = YES;
				CLANG_WARN_INT_CONVERSION = YES;
				CLANG_WARN_OBJC_ROOT_CLASS = YES_ERROR;
				CLANG_WARN_SUSPICIOUS_MOVE = YES;
				CLANG_WARN_UNREACHABLE_CODE = YES;
				CLANG_WARN__DUPLICATE_METHOD_MATCH = YES;
				"CODE_SIGN_IDENTITY[sdk=iphoneos*]" = "iPhone Developer";
				COPY_PHASE_STRIP = NO;
				DEBUG_INFORMATION_FORMAT = dwarf;
				ENABLE_STRICT_OBJC_MSGSEND = YES;
				ENABLE_TESTABILITY = YES;
				GCC_C_LANGUAGE_STANDARD = gnu99;
				GCC_DYNAMIC_NO_PIC = NO;
				GCC_NO_COMMON_BLOCKS = YES;
				GCC_OPTIMIZATION_LEVEL = 0;
				GCC_PREPROCESSOR_DEFINITIONS = (
					"DEBUG=1",
					"$(inherited)",
				);
				GCC_WARN_64_TO_32_BIT_CONVERSION = YES;
				GCC_WARN_ABOUT_RETURN_TYPE = YES_ERROR;
				GCC_WARN_UNDECLARED_SELECTOR = YES;
				GCC_WARN_UNINITIALIZED_AUTOS = YES_AGGRESSIVE;
				GCC_WARN_UNUSED_FUNCTION = YES;
				GCC_WARN_UNUSED_VARIABLE = YES;
				IPHONEOS_DEPLOYMENT_TARGET = 9.3;
				MTL_ENABLE_DEBUG_INFO = YES;
				ONLY_ACTIVE_ARCH = YES;
				SDKROOT = iphoneos;
				SWIFT_OPTIMIZATION_LEVEL = "-Onone";
				TARGETED_DEVICE_FAMILY = "1,2";
			};
			name = Debug;
		};
		E1AEE8471CE95D0200199E16 /* Release */ = {
			isa = XCBuildConfiguration;
			buildSettings = {
				ALWAYS_SEARCH_USER_PATHS = NO;
				CLANG_ANALYZER_NONNULL = YES;
				CLANG_CXX_LANGUAGE_STANDARD = "gnu++0x";
				CLANG_CXX_LIBRARY = "libc++";
				CLANG_ENABLE_MODULES = YES;
				CLANG_ENABLE_OBJC_ARC = YES;
				CLANG_WARN_BOOL_CONVERSION = YES;
				CLANG_WARN_CONSTANT_CONVERSION = YES;
				CLANG_WARN_DIRECT_OBJC_ISA_USAGE = YES_ERROR;
				CLANG_WARN_EMPTY_BODY = YES;
				CLANG_WARN_ENUM_CONVERSION = YES;
				CLANG_WARN_INFINITE_RECURSION = YES;
				CLANG_WARN_INT_CONVERSION = YES;
				CLANG_WARN_OBJC_ROOT_CLASS = YES_ERROR;
				CLANG_WARN_SUSPICIOUS_MOVE = YES;
				CLANG_WARN_UNREACHABLE_CODE = YES;
				CLANG_WARN__DUPLICATE_METHOD_MATCH = YES;
				"CODE_SIGN_IDENTITY[sdk=iphoneos*]" = "iPhone Developer";
				COPY_PHASE_STRIP = NO;
				DEBUG_INFORMATION_FORMAT = "dwarf-with-dsym";
				ENABLE_NS_ASSERTIONS = NO;
				ENABLE_STRICT_OBJC_MSGSEND = YES;
				GCC_C_LANGUAGE_STANDARD = gnu99;
				GCC_NO_COMMON_BLOCKS = YES;
				GCC_WARN_64_TO_32_BIT_CONVERSION = YES;
				GCC_WARN_ABOUT_RETURN_TYPE = YES_ERROR;
				GCC_WARN_UNDECLARED_SELECTOR = YES;
				GCC_WARN_UNINITIALIZED_AUTOS = YES_AGGRESSIVE;
				GCC_WARN_UNUSED_FUNCTION = YES;
				GCC_WARN_UNUSED_VARIABLE = YES;
				IPHONEOS_DEPLOYMENT_TARGET = 9.3;
				MTL_ENABLE_DEBUG_INFO = NO;
				SDKROOT = iphoneos;
				SWIFT_OPTIMIZATION_LEVEL = "-Owholemodule";
				TARGETED_DEVICE_FAMILY = "1,2";
				VALIDATE_PRODUCT = YES;
			};
			name = Release;
		};
		E1AEE8491CE95D0200199E16 /* Debug */ = {
			isa = XCBuildConfiguration;
			baseConfigurationReference = 7F7FDBD0E0D0DF398302017C /* Pods-letter.debug.xcconfig */;
			buildSettings = {
				ALWAYS_EMBED_SWIFT_STANDARD_LIBRARIES = YES;
				ASSETCATALOG_COMPILER_APPICON_NAME = AppIcon;
				INFOPLIST_FILE = letter/Info.plist;
				LD_RUNPATH_SEARCH_PATHS = "$(inherited) @executable_path/Frameworks";
				PRODUCT_BUNDLE_IDENTIFIER = com.Robert.letter;
				PRODUCT_NAME = "$(TARGET_NAME)";
			};
			name = Debug;
		};
		E1AEE84A1CE95D0200199E16 /* Release */ = {
			isa = XCBuildConfiguration;
			baseConfigurationReference = FCB90248AA98D97CA31943D3 /* Pods-letter.release.xcconfig */;
			buildSettings = {
				ALWAYS_EMBED_SWIFT_STANDARD_LIBRARIES = YES;
				ASSETCATALOG_COMPILER_APPICON_NAME = AppIcon;
				INFOPLIST_FILE = letter/Info.plist;
				LD_RUNPATH_SEARCH_PATHS = "$(inherited) @executable_path/Frameworks";
				PRODUCT_BUNDLE_IDENTIFIER = com.Robert.letter;
				PRODUCT_NAME = "$(TARGET_NAME)";
			};
			name = Release;
		};
		E1AEE84C1CE95D0200199E16 /* Debug */ = {
			isa = XCBuildConfiguration;
			buildSettings = {
				BUNDLE_LOADER = "$(TEST_HOST)";
				INFOPLIST_FILE = letterTests/Info.plist;
				LD_RUNPATH_SEARCH_PATHS = "$(inherited) @executable_path/Frameworks @loader_path/Frameworks";
				PRODUCT_BUNDLE_IDENTIFIER = com.Robert.letterTests;
				PRODUCT_NAME = "$(TARGET_NAME)";
				TEST_HOST = "$(BUILT_PRODUCTS_DIR)/letter.app/letter";
			};
			name = Debug;
		};
		E1AEE84D1CE95D0200199E16 /* Release */ = {
			isa = XCBuildConfiguration;
			buildSettings = {
				BUNDLE_LOADER = "$(TEST_HOST)";
				INFOPLIST_FILE = letterTests/Info.plist;
				LD_RUNPATH_SEARCH_PATHS = "$(inherited) @executable_path/Frameworks @loader_path/Frameworks";
				PRODUCT_BUNDLE_IDENTIFIER = com.Robert.letterTests;
				PRODUCT_NAME = "$(TARGET_NAME)";
				TEST_HOST = "$(BUILT_PRODUCTS_DIR)/letter.app/letter";
			};
			name = Release;
		};
		E1AEE84F1CE95D0200199E16 /* Debug */ = {
			isa = XCBuildConfiguration;
			buildSettings = {
				INFOPLIST_FILE = letterUITests/Info.plist;
				LD_RUNPATH_SEARCH_PATHS = "$(inherited) @executable_path/Frameworks @loader_path/Frameworks";
				PRODUCT_BUNDLE_IDENTIFIER = com.Robert.letterUITests;
				PRODUCT_NAME = "$(TARGET_NAME)";
				TEST_TARGET_NAME = letter;
			};
			name = Debug;
		};
		E1AEE8501CE95D0200199E16 /* Release */ = {
			isa = XCBuildConfiguration;
			buildSettings = {
				INFOPLIST_FILE = letterUITests/Info.plist;
				LD_RUNPATH_SEARCH_PATHS = "$(inherited) @executable_path/Frameworks @loader_path/Frameworks";
				PRODUCT_BUNDLE_IDENTIFIER = com.Robert.letterUITests;
				PRODUCT_NAME = "$(TARGET_NAME)";
				TEST_TARGET_NAME = letter;
			};
			name = Release;
		};
/* End XCBuildConfiguration section */

/* Begin XCConfigurationList section */
		E1AEE81B1CE95D0200199E16 /* Build configuration list for PBXProject "letter" */ = {
			isa = XCConfigurationList;
			buildConfigurations = (
				E1AEE8461CE95D0200199E16 /* Debug */,
				E1AEE8471CE95D0200199E16 /* Release */,
			);
			defaultConfigurationIsVisible = 0;
			defaultConfigurationName = Release;
		};
		E1AEE8481CE95D0200199E16 /* Build configuration list for PBXNativeTarget "letter" */ = {
			isa = XCConfigurationList;
			buildConfigurations = (
				E1AEE8491CE95D0200199E16 /* Debug */,
				E1AEE84A1CE95D0200199E16 /* Release */,
			);
			defaultConfigurationIsVisible = 0;
			defaultConfigurationName = Release;
		};
		E1AEE84B1CE95D0200199E16 /* Build configuration list for PBXNativeTarget "letterTests" */ = {
			isa = XCConfigurationList;
			buildConfigurations = (
				E1AEE84C1CE95D0200199E16 /* Debug */,
				E1AEE84D1CE95D0200199E16 /* Release */,
			);
			defaultConfigurationIsVisible = 0;
			defaultConfigurationName = Release;
		};
		E1AEE84E1CE95D0200199E16 /* Build configuration list for PBXNativeTarget "letterUITests" */ = {
			isa = XCConfigurationList;
			buildConfigurations = (
				E1AEE84F1CE95D0200199E16 /* Debug */,
				E1AEE8501CE95D0200199E16 /* Release */,
			);
			defaultConfigurationIsVisible = 0;
			defaultConfigurationName = Release;
		};
/* End XCConfigurationList section */
	};
	rootObject = E1AEE8181CE95D0200199E16 /* Project object */;
}
